{
  "object": {
    "pins": [
      {
        "package": "CryptorRSA",
        "repositoryURL": "https://github.com/IBM-Swift/BlueRSA",
        "state": {
          "branch": null,
          "revision": "8ea901f2582296837d88f882b0fa5a0601759598",
          "version": "1.0.35"
        }
      }
    ]
  },
  "version": 1
}
